
Microsoft Visual Studio Solution File, Format Version 12.00
# Visual Studio 15
VisualStudioVersion = 15.0.28307.102
MinimumVisualStudioVersion = 10.0.40219.1
Project("{FAE04EC0-301F-11D3-BF4B-00C04F79EFBC}") = "Advanced project", "Advanced project\Advanced project.csproj", "{1A5B7E96-C254-412F-9907-5F926E53183F}"
EndProject
Global
	GlobalSection(SolutionConfigurationPlatforms) = preSolution
		Debug|Any CPU = Debug|Any CPU
		Release|Any CPU = Release|Any CPU
	EndGlobalSection
	GlobalSection(ProjectConfigurationPlatforms) = postSolution
		{1A5B7E96-C254-412F-9907-5F926E53183F}.Debug|Any CPU.ActiveCfg = Debug|Any CPU
		{1A5B7E96-C254-412F-9907-5F926E53183F}.Debug|Any CPU.Build.0 = Debug|Any CPU
		{1A5B7E96-C254-412F-9907-5F926E53183F}.Release|Any CPU.ActiveCfg = Release|Any CPU
		{1A5B7E96-C254-412F-9907-5F926E53183F}.Release|Any CPU.Build.0 = Release|Any CPU
	EndGlobalSection
	GlobalSection(SolutionProperties) = preSolution
		HideSolutionNode = FALSE
	EndGlobalSection
	GlobalSection(ExtensibilityGlobals) = postSolution
		SolutionGuid = {5746C975-512F-4273-8B73-7299F8613C0A}
	EndGlobalSection
EndGlobal
